
Microsoft Visual Studio Solution File, Format Version 12.00
# Visual Studio Version 17
VisualStudioVersion = 17.10.35013.160
MinimumVisualStudioVersion = 10.0.40219.1
Project("{FAE04EC0-301F-11D3-BF4B-00C04F79EFBC}") = "Jira-Mission", "Jira-Mission\Jira-Mission.csproj", "{49C81A25-C798-4608-A885-1DDBD7334F6F}"
EndProject
Global
	GlobalSection(SolutionConfigurationPlatforms) = preSolution
		Debug|Any CPU = Debug|Any CPU
		Release|Any CPU = Release|Any CPU
	EndGlobalSection
	GlobalSection(ProjectConfigurationPlatforms) = postSolution
		{49C81A25-C798-4608-A885-1DDBD7334F6F}.Debug|Any CPU.ActiveCfg = Debug|Any CPU
		{49C81A25-C798-4608-A885-1DDBD7334F6F}.Debug|Any CPU.Build.0 = Debug|Any CPU
		{49C81A25-C798-4608-A885-1DDBD7334F6F}.Release|Any CPU.ActiveCfg = Release|Any CPU
		{49C81A25-C798-4608-A885-1DDBD7334F6F}.Release|Any CPU.Build.0 = Release|Any CPU
	EndGlobalSection
	GlobalSection(SolutionProperties) = preSolution
		HideSolutionNode = FALSE
	EndGlobalSection
	GlobalSection(ExtensibilityGlobals) = postSolution
		SolutionGuid = {BD095A63-3F0D-426E-9188-A23FACA421C7}
	EndGlobalSection
EndGlobal
